# THIS IS AN AUTOGENERATED FILE. DO NOT EDIT THIS FILE DIRECTLY.
assets/account.svg.liquid:
  development: 2018-01-04T23:07:55+01:00   60469c74111b51d172fcecb044273cad
assets/ajaxify.js.liquid:
  development: 2018-01-04T23:07:56+01:00   9cbfda7d4ca12c0c46510e0aa56c51f3
assets/arrow-left.svg.liquid:
  development: 2018-01-04T23:07:56+01:00   010789b378c29440acdf2d48f5eccb53
assets/arrow-right.svg.liquid:
  development: 2018-01-04T23:07:56+01:00   45770c70045aab88e61cebaa850f6491
assets/background_size_emu.js:
  development: 2018-01-04T23:07:56+01:00   bd4598fc5f682996fd1c6741a35a14f6
assets/blank.svg:
  development: 2018-01-04T23:07:56+01:00   a5f99a7dfc4d7aede885bc958035e123
assets/cart.png:
  development: 2018-01-04T23:07:56+01:00   5913245bc67ded46ec17d1649dfba024
assets/cart.svg.liquid:
  development: 2018-01-04T23:07:56+01:00   d12c16e4dfc049b784251af2313b6250
assets/close.svg:
  development: 2018-01-04T23:07:56+01:00   fd9dc7d948263fe0850f89cb7c1ad489
assets/fastclick.min.js:
  development: 2018-01-04T23:07:56+01:00   4c68290ccc4d503561895dff0821621f
assets/filter.svg.liquid:
  development: 2018-01-04T23:07:57+01:00   4e26f415fba86ca9570069ff6272ce1a
assets/gift-card.scss.liquid:
  development: 2018-01-04T23:07:57+01:00   2ab793bfb00b3f8e623069081447e3d8
assets/ico-select.svg.liquid:
  development: 2018-01-04T23:07:57+01:00   449e9d71afafb7626633a8f533aff190
assets/icons.eot:
  development: 2018-01-04T23:07:57+01:00   4aa79ddb04fced7b22622180e7556bd2
assets/icons.json:
  development: 2018-01-04T23:07:57+01:00   dc379a3c46a2572b0250389b96e4b434
assets/icons.svg:
  development: 2018-01-04T23:07:57+01:00   241afae99600a17c747b06deea47b988
assets/icons.ttf:
  development: 2018-01-04T23:07:57+01:00   971a1499fdae4b197aa639d1254be58c
assets/icons.woff:
  development: 2018-01-04T23:07:57+01:00   6ece340c7c6dfc1951f7874fe9b63e9e
assets/jquery.min.js:
  development: 2018-01-04T23:07:57+01:00   33cabfa15c1060aaa3d207c653afb1ee
assets/modernizr.min.js:
  development: 2018-01-04T23:07:57+01:00   dc21cffad945a84cbbe770d52b1a0ded
assets/nav.png:
  development: 2018-01-04T23:07:58+01:00   437034350d8561438f8f8cd2c2155d9a
assets/nav.svg.liquid:
  development: 2018-01-04T23:07:58+01:00   f4c714644d92737a590d2c1c1d74516d
assets/password-page-background.jpg:
  development: 2018-01-04T23:07:58+01:00   c7c61f140d15d31759ca3809efbab46d
assets/respond-proxy.html:
  development: 2018-01-04T23:07:58+01:00   75002d74a330bff6bf069284da503b4c
assets/respond.min.js:
  development: 2018-01-04T23:07:58+01:00   a2684e9b8fa50d6d11c56a9ada068528
assets/search.png:
  development: 2018-01-04T23:07:58+01:00   7d11dab8613066d5d9629c687d785854
assets/search.svg.liquid:
  development: 2018-01-04T23:07:58+01:00   3c8b4b6e46c3481eb7563ac0870c1097
assets/shop.js.liquid:
  development: 2018-01-04T23:07:58+01:00   2195b64c2f6f9d222a78317525f28274
assets/style.scss.liquid:
  development: 2018-01-29T22:25:46+01:00   91205e52c157964dbee0a3d97f9c8b5c
assets/theme-onboarding.css.liquid:
  development: 2018-01-04T23:07:58+01:00   5568be61c5ca52c578e17582b007428e
assets/webfont.js:
  development: 2018-01-04T23:07:59+01:00   7c96a5f11d9741541d5e3c42ff6380d7
config/settings_schema.json:
  development: 2018-01-04T23:08:00+01:00   9c65b4527f6060fb2a631bcc6592c986
layout/theme.liquid:
  development: 2018-01-27T12:13:37+01:00   e6a2fe6b90c1b4706b90361a4d7443ff
locales/de.json:
  development: 2018-01-13T11:59:22+01:00   add12e9d13ec75c92ad244a88bee54df
locales/en.default.json:
  development: 2018-01-10T12:57:36+01:00   8535f975cc09a613572dc3123b383785
locales/es.json:
  development: 2018-01-04T23:07:59+01:00   2ef1e55cd171e9ba7ec6f5e1f0d5859b
locales/fr.json:
  development: 2018-01-04T23:07:59+01:00   65850a98854941f272be6d7a540fc937
locales/pt-BR.json:
  development: 2018-01-04T23:07:59+01:00   feeaf89854712799472b5daf050c5347
locales/pt.json:
  development: 2018-01-04T23:07:59+01:00   305616bf8ea6e09537d7c8f60106ea00
sections/article.liquid:
  development: 2018-01-04T23:07:54+01:00   f9609b5d0db1fbf922997d3f84640439
sections/blog.liquid:
  development: 2018-01-04T23:07:54+01:00   2f4bb1c0cc5c4f28693257086203d856
sections/collection-list.liquid:
  development: 2018-01-04T23:07:54+01:00   ef7c585a6030197d75c69c8705ceb348
sections/collection.liquid:
  development: 2018-01-08T20:14:08+01:00   7d98c514e7b3a681d3863211ff048cde
sections/footer.liquid:
  development: 2018-01-05T13:48:56+01:00   4136ddb14795572232c00aef4e3c44d9
sections/header.liquid:
  development: 2018-01-12T18:22:28+01:00   181ecc8ddc94cad4120a97606ff02a2e
sections/index-banner-image.liquid:
  development: 2018-01-04T23:07:54+01:00   f032bcb542067dbf2f0cbe379faf0d83
sections/index-blog.liquid:
  development: 2018-01-04T23:07:54+01:00   c8200492de0c7a65bbb09447997713b8
sections/index-collection-grid.liquid:
  development: 2018-01-04T23:07:55+01:00   b8136cf14f69006e83e04d802f250393
sections/index-collection.liquid:
  development: 2018-01-04T23:07:55+01:00   e8af20b089bcc90cc0bd8cc077be146b
sections/index-columns.liquid:
  development: 2018-01-04T23:07:55+01:00   e9d10883daa88dcb845c8680f2588ee1
sections/index-double.liquid:
  development: 2018-01-04T23:07:55+01:00   69c88ea04f70cd958174c24d170da502
sections/index-instagram.liquid:
  development: 2018-01-04T23:07:55+01:00   28cf8d85383624e57c4d5ddfb2dd7da8
sections/index-logos.liquid:
  development: 2018-01-04T23:07:55+01:00   d416213b3324765f0a22e3c7d7acb840
sections/index-page.liquid:
  development: 2018-01-04T23:07:55+01:00   cfc78f13341d8f3d23d6d130d431ca43
sections/index-product.liquid:
  development: 2018-01-04T23:07:55+01:00   ad5910b22c6c63be12fedc1dd876ef40
sections/index-slideshow.liquid:
  development: 2018-01-04T23:07:55+01:00   622c64fbd5e7316fd1797762efbe5754
sections/index-video.liquid:
  development: 2018-01-04T23:07:55+01:00   bfc942ecd0b4a18b819323cba1d133a0
sections/list-collections.liquid:
  development: 2018-01-04T23:07:55+01:00   b5475e1141aa1896e0ee9f24a8377a3a
sections/password.liquid:
  development: 2018-01-04T23:07:55+01:00   7da70f64e4f04635822cff9c301b64bb
sections/product.liquid:
  development: 2018-01-04T23:07:55+01:00   13faf00d70757e04ac403ada83fd4759
sections/winetaste_collection_grid.liquid:
  development: 2018-01-18T10:51:47+01:00   c252fc8c1b45af21ac24a6f0a92851d3
snippets/SEOManager-404.liquid:
  development: 2018-01-19T13:39:14+01:00   4708d995661e6fe12685d51ea2f35bf1
snippets/SEOManager.liquid:
  development: 2018-01-19T13:39:13+01:00   87dd8705248977d03bc2110720e709a8
snippets/SEOMetaManager.liquid:
  development: 2018-01-19T13:39:13+01:00   63248d1bdd7cdcb0e8ba9bfd7ea6e95a
snippets/ajax-cart-template.liquid:
  development: 2018-01-04T23:07:59+01:00   198928fb3969614f6e8310ad370517c7
snippets/article-grid-item.liquid:
  development: 2018-01-04T23:07:59+01:00   4a57268c4cd3afbaf5240ee4d11b4a46
snippets/breadcrumb.liquid:
  development: 2018-01-04T23:07:59+01:00   7bf89ebc6f2f46288fa59aa305a42514
snippets/collection-sorting.liquid:
  development: 2018-01-04T23:07:59+01:00   f034e12daaf4c37aacd12b97cf7d6875
snippets/collection-views.liquid:
  development: 2018-01-04T23:07:59+01:00   7cbfdc7108b3d3d0320c6141233acae9
snippets/collections-sidebar.liquid:
  development: 2018-01-04T23:07:59+01:00   5163b3a21dadb1b0e76ed5d2f9f322bb
snippets/comment.liquid:
  development: 2018-01-04T23:07:59+01:00   c766e42be8a74e05533d0e5a0e3a9ce3
snippets/featured-image.liquid:
  development: 2018-01-04T23:07:59+01:00   8f9e454912505d4ba05406d04a2a4813
snippets/fonts.liquid:
  development: 2018-01-04T23:07:59+01:00   0f691dd5fc2ad64903c3c31fc9a299c0
snippets/membership-product-callbacks.liquid:
  development: 2018-01-04T23:07:59+01:00   75262775a3821ba26849f70d6e2749b2
snippets/nav-contents.liquid:
  development: 2018-01-27T13:17:08+01:00   192fa36faac70e329b5522f0fcd777b1
snippets/nav-item.liquid:
  development: 2018-01-04T23:07:59+01:00   571f635f945522b2f99b2f845cf7e47e
snippets/newsletter-form.liquid:
  development: 2018-01-04T23:07:59+01:00   5d34b9e7b03cfb10abf248f0f08f9b51
snippets/oldIE-js.liquid:
  development: 2018-01-04T23:07:59+01:00   d0e1c2b8772c88663c64e8473844b397
snippets/onboarding-empty-collection.liquid:
  development: 2018-01-04T23:07:59+01:00   367a155b3f0c1bdcb4719ecbe8702df9
snippets/onboarding-featured-products.liquid:
  development: 2018-01-04T23:07:59+01:00   a745b427340f209f63958052fc40e017
snippets/onboarding-product.liquid:
  development: 2018-01-04T23:07:59+01:00   1b68e1a637456c0f9ad50c21438a5ac9
snippets/pagination-custom.liquid:
  development: 2018-01-04T23:07:59+01:00   ee890a4744dc390b2fe2b5a737059506
snippets/product-contained-items.liquid:
  development: 2018-01-13T13:21:08+01:00   8c245f4f97afa436901b69a9718d27b3
snippets/product-grid-item.liquid:
  development: 2018-01-13T23:54:03+01:00   ddee96ce778633937ec1bb62d65546c7
snippets/product-list-item.liquid:
  development: 2018-01-04T23:07:59+01:00   6e7d86f824db8ae3382926535c4b0047
snippets/product-related-items.liquid:
  development: 2018-01-04T23:07:59+01:00   9229dc2a8d062e8a678065b81deb45a8
snippets/product-tabs.liquid:
  development: 2018-01-04T23:07:59+01:00   8d84e677d591db014a03b4558b8ec925
snippets/product.liquid:
  development: 2018-01-12T22:49:00+01:00   cb5f49fefdcdc6aa6f2879211e77d892
snippets/respond.liquid:
  development: 2018-01-04T23:07:59+01:00   ca6abf0635dc2ad8c6bd377f83c79f6b
snippets/search-bar.liquid:
  development: 2018-01-04T23:07:59+01:00   97763429defa5c8e526af7724204df0d
snippets/search-result-grid.liquid:
  development: 2018-01-04T23:07:59+01:00   085da5fa6880441dc3fa9d4c93a41626
snippets/search-result.liquid:
  development: 2018-01-04T23:07:59+01:00   ae42eb7c9cba904b642050deb74c0576
snippets/social-meta-tags.liquid:
  development: 2018-01-04T23:08:00+01:00   2fe4a0887198610b95f2ad682288ebe1
snippets/svg-down.liquid:
  development: 2018-01-04T23:08:00+01:00   85d13fd60b4042a2fd7d087319260749
snippets/svg-play.liquid:
  development: 2018-01-04T23:08:00+01:00   34fccf13514b4ffa85c4fd08da4aa4b1
snippets/tags-article.liquid:
  development: 2018-01-04T23:08:00+01:00   1ccacedb3214817f09af0b47ce55c904
templates/404.liquid:
  development: 2018-01-19T13:39:14+01:00   d822e559bd5c673ae4c2ca592affd783
templates/404.preSEOManager.liquid:
  development: 2018-01-19T13:39:14+01:00   4e491f0bcee62a4a7496571bb7c976f8
templates/article.liquid:
  development: 2018-01-04T23:08:00+01:00   8d1d4ad828b55c9dabed58aedbe893e7
templates/blog.liquid:
  development: 2018-01-04T23:08:00+01:00   3fe1ca18a0364bcbdb9d331edd571cff
templates/cart.liquid:
  development: 2018-01-30T19:55:05+01:00   2c2dc00ddd6ccd9ac08f4dba8429fb8f
templates/collection.liquid:
  development: 2018-01-04T23:08:00+01:00   edbc27b6d39e7a60c5afe7acdd0c485d
templates/collection.list.liquid:
  development: 2018-01-04T23:08:00+01:00   ce41e8bac58b889efdec6665e4c1776b
templates/customers/account.liquid:
  development: 2018-01-04T23:08:00+01:00   4b42343ed8fb4ae2f2f8e54f2a14430d
templates/customers/activate_account.liquid:
  development: 2018-01-04T23:08:00+01:00   e4916d221f013c88c4751dfa0b39c763
templates/customers/addresses.liquid:
  development: 2018-01-04T23:08:00+01:00   28c0e2a8be8acbc7d3fc802d66759e13
templates/customers/login.liquid:
  development: 2018-01-04T23:08:00+01:00   c2f308b793e810732b87b59666a8d4cb
templates/customers/order.liquid:
  development: 2018-01-04T23:08:00+01:00   8c3eebc6912c585913e540b85668c195
templates/customers/register.liquid:
  development: 2018-01-04T23:08:00+01:00   133c3c1cb2d82f40f7d50373d867e2e0
templates/customers/reset_password.liquid:
  development: 2018-01-04T23:08:00+01:00   70578c0f5d63258a2f59802f1725847c
templates/gift_card.liquid:
  development: 2018-01-04T23:08:00+01:00   e60c921a234ab96f2963e0cf239a67bb
templates/index.liquid:
  development: 2018-01-04T23:08:00+01:00   f928d6eada4f0a3d891309421f31f99f
templates/list-collections.liquid:
  development: 2018-01-04T23:08:00+01:00   53b722beb6f5342d8cfc59f6055409b6
templates/page.contact.liquid:
  development: 2018-01-04T23:08:00+01:00   9d660122c0b16aff941abf8e4cc3fa6e
templates/page.liquid:
  development: 2018-01-04T23:08:00+01:00   f5b48a79d7b91cdc4e6828eaabfb7c08
templates/page.pagefly.ungeschwefelt.liquid:
  development: 2018-01-10T23:57:07+01:00   9710a15456cf3554b61ff8bde38ec160
templates/page.pagefly.vegan.liquid:
  development: 2018-01-10T23:56:45+01:00   0358951a54419f5745a345b99ec46952
templates/page.pagefly.weinbegriffe.liquid:
  development: 2018-01-10T11:52:37+01:00   b49813898622fcd8b7edf4e6d0ab2f31
templates/page.pagefly.winzer.liquid:
  development: 2018-01-11T17:51:21+01:00   f61747929fd57d0672643ccfc194a09d
templates/page.pagefly.wissenswertes.liquid:
  development: 2018-01-10T12:25:24+01:00   2cd2d504e691c9ba316bc3edd160db40
templates/page.wide.liquid:
  development: 2018-01-04T23:08:00+01:00   005b31b1202d49c59b8a346504d9d588
templates/page.winetaste_list.liquid:
  development: 2018-01-18T11:01:42+01:00   aa806723421cf7398a691ecedb6f9cd0
templates/password.liquid:
  development: 2018-01-04T23:08:00+01:00   179bd72a2ad92e5d1938447684f2b2ef
templates/product.bundle.liquid:
  development: 2018-01-14T11:01:03+01:00   24e98009275db2052d2b38229f1da7d0
templates/product.charge-rabbit.liquid:
  development: 2018-01-04T23:08:00+01:00   dcf241788e7697933a02441c98185961
templates/product.liquid:
  development: 2018-01-04T23:08:00+01:00   dcf241788e7697933a02441c98185961
templates/product.product-contained-items.liquid:
  development: 2018-01-13T13:29:17+01:00   63401fef60cc86c2e4be3a1b2797eacd
templates/search.SEOManagerTags.liquid:
  development: 2018-01-19T13:39:13+01:00   50492ed9246da25cb26e58acf47fa9a3
templates/search.liquid:
  development: 2018-01-04T23:08:00+01:00   9aa270eff6d9798b2a6d4ce9584ad4fc
